
Microsoft Visual Studio Solution File, Format Version 12.00
# Visual Studio 15
VisualStudioVersion = 15.0.27004.2009
MinimumVisualStudioVersion = 10.0.40219.1
Project("{FAE04EC0-301F-11D3-BF4B-00C04F79EFBC}") = "ArraySyncSemaphore+", "ArraySyncSemaphore+\ArraySyncSemaphore+.csproj", "{B4A122BF-BC0B-458F-B7AF-1FD58A2637D5}"
EndProject
Global
	GlobalSection(SolutionConfigurationPlatforms) = preSolution
		Debug|Any CPU = Debug|Any CPU
		Release|Any CPU = Release|Any CPU
	EndGlobalSection
	GlobalSection(ProjectConfigurationPlatforms) = postSolution
		{B4A122BF-BC0B-458F-B7AF-1FD58A2637D5}.Debug|Any CPU.ActiveCfg = Debug|Any CPU
		{B4A122BF-BC0B-458F-B7AF-1FD58A2637D5}.Debug|Any CPU.Build.0 = Debug|Any CPU
		{B4A122BF-BC0B-458F-B7AF-1FD58A2637D5}.Release|Any CPU.ActiveCfg = Release|Any CPU
		{B4A122BF-BC0B-458F-B7AF-1FD58A2637D5}.Release|Any CPU.Build.0 = Release|Any CPU
	EndGlobalSection
	GlobalSection(SolutionProperties) = preSolution
		HideSolutionNode = FALSE
	EndGlobalSection
	GlobalSection(ExtensibilityGlobals) = postSolution
		SolutionGuid = {CE4A6C1D-BF2F-4621-BD46-60DE11321D23}
	EndGlobalSection
EndGlobal
