
Microsoft Visual Studio Solution File, Format Version 12.00
# Visual Studio 15
VisualStudioVersion = 15.0.27004.2009
MinimumVisualStudioVersion = 10.0.40219.1
Project("{FAE04EC0-301F-11D3-BF4B-00C04F79EFBC}") = "Client", "Client\Client.csproj", "{6B6CA5F7-2001-4AED-B7D3-43495CC8E22E}"
EndProject
Global
	GlobalSection(SolutionConfigurationPlatforms) = preSolution
		Debug|Any CPU = Debug|Any CPU
		Release|Any CPU = Release|Any CPU
	EndGlobalSection
	GlobalSection(ProjectConfigurationPlatforms) = postSolution
		{6B6CA5F7-2001-4AED-B7D3-43495CC8E22E}.Debug|Any CPU.ActiveCfg = Debug|Any CPU
		{6B6CA5F7-2001-4AED-B7D3-43495CC8E22E}.Debug|Any CPU.Build.0 = Debug|Any CPU
		{6B6CA5F7-2001-4AED-B7D3-43495CC8E22E}.Release|Any CPU.ActiveCfg = Release|Any CPU
		{6B6CA5F7-2001-4AED-B7D3-43495CC8E22E}.Release|Any CPU.Build.0 = Release|Any CPU
	EndGlobalSection
	GlobalSection(SolutionProperties) = preSolution
		HideSolutionNode = FALSE
	EndGlobalSection
	GlobalSection(ExtensibilityGlobals) = postSolution
		SolutionGuid = {D09898C7-D238-4D2F-B7A2-635397792EFE}
	EndGlobalSection
EndGlobal
