
Microsoft Visual Studio Solution File, Format Version 12.00
# Visual Studio 15
VisualStudioVersion = 15.0.27004.2009
MinimumVisualStudioVersion = 10.0.40219.1
Project("{FAE04EC0-301F-11D3-BF4B-00C04F79EFBC}") = "ConsoleApp3", "ConsoleApp3\ConsoleApp3.csproj", "{95B5AB89-CC13-44F1-879F-5ED27DB92348}"
EndProject
Global
	GlobalSection(SolutionConfigurationPlatforms) = preSolution
		Debug|Any CPU = Debug|Any CPU
		Release|Any CPU = Release|Any CPU
	EndGlobalSection
	GlobalSection(ProjectConfigurationPlatforms) = postSolution
		{95B5AB89-CC13-44F1-879F-5ED27DB92348}.Debug|Any CPU.ActiveCfg = Debug|Any CPU
		{95B5AB89-CC13-44F1-879F-5ED27DB92348}.Debug|Any CPU.Build.0 = Debug|Any CPU
		{95B5AB89-CC13-44F1-879F-5ED27DB92348}.Release|Any CPU.ActiveCfg = Release|Any CPU
		{95B5AB89-CC13-44F1-879F-5ED27DB92348}.Release|Any CPU.Build.0 = Release|Any CPU
	EndGlobalSection
	GlobalSection(SolutionProperties) = preSolution
		HideSolutionNode = FALSE
	EndGlobalSection
	GlobalSection(ExtensibilityGlobals) = postSolution
		SolutionGuid = {9CBED886-D849-4E04-9701-01F7430F2B78}
	EndGlobalSection
EndGlobal
