
Microsoft Visual Studio Solution File, Format Version 12.00
# Visual Studio 15
VisualStudioVersion = 15.0.27703.2035
MinimumVisualStudioVersion = 10.0.40219.1
Project("{FAE04EC0-301F-11D3-BF4B-00C04F79EFBC}") = "SeveralDbQuery", "SeveralDbQuery\SeveralDbQuery.csproj", "{36029FA4-0308-48FD-B928-00B72933F156}"
EndProject
Global
	GlobalSection(SolutionConfigurationPlatforms) = preSolution
		Debug|Any CPU = Debug|Any CPU
		Release|Any CPU = Release|Any CPU
	EndGlobalSection
	GlobalSection(ProjectConfigurationPlatforms) = postSolution
		{36029FA4-0308-48FD-B928-00B72933F156}.Debug|Any CPU.ActiveCfg = Debug|Any CPU
		{36029FA4-0308-48FD-B928-00B72933F156}.Debug|Any CPU.Build.0 = Debug|Any CPU
		{36029FA4-0308-48FD-B928-00B72933F156}.Release|Any CPU.ActiveCfg = Release|Any CPU
		{36029FA4-0308-48FD-B928-00B72933F156}.Release|Any CPU.Build.0 = Release|Any CPU
	EndGlobalSection
	GlobalSection(SolutionProperties) = preSolution
		HideSolutionNode = FALSE
	EndGlobalSection
	GlobalSection(ExtensibilityGlobals) = postSolution
		SolutionGuid = {86C24E0B-8D86-426D-85C2-03BFF76DE605}
	EndGlobalSection
EndGlobal
