
Microsoft Visual Studio Solution File, Format Version 12.00
# Visual Studio 15
VisualStudioVersion = 15.0.27004.2009
MinimumVisualStudioVersion = 10.0.40219.1
Project("{FAE04EC0-301F-11D3-BF4B-00C04F79EFBC}") = "Server", "Server\Server.csproj", "{30D92054-97D5-4E8C-8FBC-2AFF78BEF6BD}"
EndProject
Global
	GlobalSection(SolutionConfigurationPlatforms) = preSolution
		Debug|Any CPU = Debug|Any CPU
		Release|Any CPU = Release|Any CPU
	EndGlobalSection
	GlobalSection(ProjectConfigurationPlatforms) = postSolution
		{30D92054-97D5-4E8C-8FBC-2AFF78BEF6BD}.Debug|Any CPU.ActiveCfg = Debug|Any CPU
		{30D92054-97D5-4E8C-8FBC-2AFF78BEF6BD}.Debug|Any CPU.Build.0 = Debug|Any CPU
		{30D92054-97D5-4E8C-8FBC-2AFF78BEF6BD}.Release|Any CPU.ActiveCfg = Release|Any CPU
		{30D92054-97D5-4E8C-8FBC-2AFF78BEF6BD}.Release|Any CPU.Build.0 = Release|Any CPU
	EndGlobalSection
	GlobalSection(SolutionProperties) = preSolution
		HideSolutionNode = FALSE
	EndGlobalSection
	GlobalSection(ExtensibilityGlobals) = postSolution
		SolutionGuid = {B771967B-CD68-4724-8724-3CA69B17D70A}
	EndGlobalSection
EndGlobal
