
Microsoft Visual Studio Solution File, Format Version 12.00
# Visual Studio 15
VisualStudioVersion = 15.0.27004.2009
MinimumVisualStudioVersion = 10.0.40219.1
Project("{FAE04EC0-301F-11D3-BF4B-00C04F79EFBC}") = "WindowsFormsApp1", "WindowsFormsApp1\WindowsFormsApp1.csproj", "{84843FF3-37E5-4CBE-8514-CE2BCC7AEDEF}"
EndProject
Global
	GlobalSection(SolutionConfigurationPlatforms) = preSolution
		Debug|Any CPU = Debug|Any CPU
		Release|Any CPU = Release|Any CPU
	EndGlobalSection
	GlobalSection(ProjectConfigurationPlatforms) = postSolution
		{84843FF3-37E5-4CBE-8514-CE2BCC7AEDEF}.Debug|Any CPU.ActiveCfg = Debug|Any CPU
		{84843FF3-37E5-4CBE-8514-CE2BCC7AEDEF}.Debug|Any CPU.Build.0 = Debug|Any CPU
		{84843FF3-37E5-4CBE-8514-CE2BCC7AEDEF}.Release|Any CPU.ActiveCfg = Release|Any CPU
		{84843FF3-37E5-4CBE-8514-CE2BCC7AEDEF}.Release|Any CPU.Build.0 = Release|Any CPU
	EndGlobalSection
	GlobalSection(SolutionProperties) = preSolution
		HideSolutionNode = FALSE
	EndGlobalSection
	GlobalSection(ExtensibilityGlobals) = postSolution
		SolutionGuid = {C849921D-7034-407A-86D9-E73A39447364}
	EndGlobalSection
EndGlobal
