
Microsoft Visual Studio Solution File, Format Version 12.00
# Visual Studio 15
VisualStudioVersion = 15.0.27004.2009
MinimumVisualStudioVersion = 10.0.40219.1
Project("{FAE04EC0-301F-11D3-BF4B-00C04F79EFBC}") = "ASL", "ASL\ASL.csproj", "{0A9FE34A-6E24-4155-A812-A1DA41B36F23}"
EndProject
Global
	GlobalSection(SolutionConfigurationPlatforms) = preSolution
		Debug|Any CPU = Debug|Any CPU
		Release|Any CPU = Release|Any CPU
	EndGlobalSection
	GlobalSection(ProjectConfigurationPlatforms) = postSolution
		{0A9FE34A-6E24-4155-A812-A1DA41B36F23}.Debug|Any CPU.ActiveCfg = Debug|Any CPU
		{0A9FE34A-6E24-4155-A812-A1DA41B36F23}.Debug|Any CPU.Build.0 = Debug|Any CPU
		{0A9FE34A-6E24-4155-A812-A1DA41B36F23}.Release|Any CPU.ActiveCfg = Release|Any CPU
		{0A9FE34A-6E24-4155-A812-A1DA41B36F23}.Release|Any CPU.Build.0 = Release|Any CPU
	EndGlobalSection
	GlobalSection(SolutionProperties) = preSolution
		HideSolutionNode = FALSE
	EndGlobalSection
	GlobalSection(ExtensibilityGlobals) = postSolution
		SolutionGuid = {83138AC3-333A-4A53-BD1F-A46144066515}
	EndGlobalSection
EndGlobal
