
Microsoft Visual Studio Solution File, Format Version 12.00
# Visual Studio 15
VisualStudioVersion = 15.0.27004.2009
MinimumVisualStudioVersion = 10.0.40219.1
Project("{FAE04EC0-301F-11D3-BF4B-00C04F79EFBC}") = "FtpClient", "FtpClient\FtpClient.csproj", "{DE3AF380-705C-4AA9-9CD2-573E7976AF3D}"
EndProject
Global
	GlobalSection(SolutionConfigurationPlatforms) = preSolution
		Debug|Any CPU = Debug|Any CPU
		Release|Any CPU = Release|Any CPU
	EndGlobalSection
	GlobalSection(ProjectConfigurationPlatforms) = postSolution
		{DE3AF380-705C-4AA9-9CD2-573E7976AF3D}.Debug|Any CPU.ActiveCfg = Debug|Any CPU
		{DE3AF380-705C-4AA9-9CD2-573E7976AF3D}.Debug|Any CPU.Build.0 = Debug|Any CPU
		{DE3AF380-705C-4AA9-9CD2-573E7976AF3D}.Release|Any CPU.ActiveCfg = Release|Any CPU
		{DE3AF380-705C-4AA9-9CD2-573E7976AF3D}.Release|Any CPU.Build.0 = Release|Any CPU
	EndGlobalSection
	GlobalSection(SolutionProperties) = preSolution
		HideSolutionNode = FALSE
	EndGlobalSection
	GlobalSection(ExtensibilityGlobals) = postSolution
		SolutionGuid = {A965880C-0AFD-46EF-A3A5-D96216223BF4}
	EndGlobalSection
EndGlobal
