
Microsoft Visual Studio Solution File, Format Version 12.00
# Visual Studio 15
VisualStudioVersion = 15.0.27004.2009
MinimumVisualStudioVersion = 10.0.40219.1
Project("{FAE04EC0-301F-11D3-BF4B-00C04F79EFBC}") = "TcpClient", "TcpClient\TcpClient.csproj", "{BDC2F318-5B4B-4CBE-917E-C254D4AB4719}"
EndProject
Global
	GlobalSection(SolutionConfigurationPlatforms) = preSolution
		Debug|Any CPU = Debug|Any CPU
		Release|Any CPU = Release|Any CPU
	EndGlobalSection
	GlobalSection(ProjectConfigurationPlatforms) = postSolution
		{BDC2F318-5B4B-4CBE-917E-C254D4AB4719}.Debug|Any CPU.ActiveCfg = Debug|Any CPU
		{BDC2F318-5B4B-4CBE-917E-C254D4AB4719}.Debug|Any CPU.Build.0 = Debug|Any CPU
		{BDC2F318-5B4B-4CBE-917E-C254D4AB4719}.Release|Any CPU.ActiveCfg = Release|Any CPU
		{BDC2F318-5B4B-4CBE-917E-C254D4AB4719}.Release|Any CPU.Build.0 = Release|Any CPU
	EndGlobalSection
	GlobalSection(SolutionProperties) = preSolution
		HideSolutionNode = FALSE
	EndGlobalSection
	GlobalSection(ExtensibilityGlobals) = postSolution
		SolutionGuid = {B1B988AF-52A6-4F8A-8BD6-5C88A1A2A623}
	EndGlobalSection
EndGlobal
