
Microsoft Visual Studio Solution File, Format Version 12.00
# Visual Studio 15
VisualStudioVersion = 15.0.27004.2009
MinimumVisualStudioVersion = 10.0.40219.1
Project("{FAE04EC0-301F-11D3-BF4B-00C04F79EFBC}") = "FirstDll", "FirstDll\FirstDll.csproj", "{464E6AEC-F581-46EC-BC1F-0539999B778E}"
EndProject
Global
	GlobalSection(SolutionConfigurationPlatforms) = preSolution
		Debug|Any CPU = Debug|Any CPU
		Release|Any CPU = Release|Any CPU
	EndGlobalSection
	GlobalSection(ProjectConfigurationPlatforms) = postSolution
		{464E6AEC-F581-46EC-BC1F-0539999B778E}.Debug|Any CPU.ActiveCfg = Debug|Any CPU
		{464E6AEC-F581-46EC-BC1F-0539999B778E}.Debug|Any CPU.Build.0 = Debug|Any CPU
		{464E6AEC-F581-46EC-BC1F-0539999B778E}.Release|Any CPU.ActiveCfg = Release|Any CPU
		{464E6AEC-F581-46EC-BC1F-0539999B778E}.Release|Any CPU.Build.0 = Release|Any CPU
	EndGlobalSection
	GlobalSection(SolutionProperties) = preSolution
		HideSolutionNode = FALSE
	EndGlobalSection
	GlobalSection(ExtensibilityGlobals) = postSolution
		SolutionGuid = {0A232BFA-B6E6-466D-AC5A-55C32966C75A}
	EndGlobalSection
EndGlobal
