
Microsoft Visual Studio Solution File, Format Version 12.00
# Visual Studio 15
VisualStudioVersion = 15.0.27703.2035
MinimumVisualStudioVersion = 10.0.40219.1
Project("{FAE04EC0-301F-11D3-BF4B-00C04F79EFBC}") = "Test", "Test\Test.csproj", "{630161F7-FA86-48B2-A9B8-05FF52CB6945}"
EndProject
Global
	GlobalSection(SolutionConfigurationPlatforms) = preSolution
		Debug|Any CPU = Debug|Any CPU
		Release|Any CPU = Release|Any CPU
	EndGlobalSection
	GlobalSection(ProjectConfigurationPlatforms) = postSolution
		{630161F7-FA86-48B2-A9B8-05FF52CB6945}.Debug|Any CPU.ActiveCfg = Debug|Any CPU
		{630161F7-FA86-48B2-A9B8-05FF52CB6945}.Debug|Any CPU.Build.0 = Debug|Any CPU
		{630161F7-FA86-48B2-A9B8-05FF52CB6945}.Release|Any CPU.ActiveCfg = Release|Any CPU
		{630161F7-FA86-48B2-A9B8-05FF52CB6945}.Release|Any CPU.Build.0 = Release|Any CPU
	EndGlobalSection
	GlobalSection(SolutionProperties) = preSolution
		HideSolutionNode = FALSE
	EndGlobalSection
	GlobalSection(ExtensibilityGlobals) = postSolution
		SolutionGuid = {EE8BA2C7-9951-4A49-8930-2625D79A607C}
	EndGlobalSection
EndGlobal
