
Microsoft Visual Studio Solution File, Format Version 12.00
# Visual Studio 15
VisualStudioVersion = 15.0.27004.2009
MinimumVisualStudioVersion = 10.0.40219.1
Project("{FAE04EC0-301F-11D3-BF4B-00C04F79EFBC}") = "Client", "Client\Client.csproj", "{F5825BCF-3FB0-4066-A96D-A1D9C5C44549}"
EndProject
Global
	GlobalSection(SolutionConfigurationPlatforms) = preSolution
		Debug|Any CPU = Debug|Any CPU
		Release|Any CPU = Release|Any CPU
	EndGlobalSection
	GlobalSection(ProjectConfigurationPlatforms) = postSolution
		{F5825BCF-3FB0-4066-A96D-A1D9C5C44549}.Debug|Any CPU.ActiveCfg = Debug|Any CPU
		{F5825BCF-3FB0-4066-A96D-A1D9C5C44549}.Debug|Any CPU.Build.0 = Debug|Any CPU
		{F5825BCF-3FB0-4066-A96D-A1D9C5C44549}.Release|Any CPU.ActiveCfg = Release|Any CPU
		{F5825BCF-3FB0-4066-A96D-A1D9C5C44549}.Release|Any CPU.Build.0 = Release|Any CPU
	EndGlobalSection
	GlobalSection(SolutionProperties) = preSolution
		HideSolutionNode = FALSE
	EndGlobalSection
	GlobalSection(ExtensibilityGlobals) = postSolution
		SolutionGuid = {21E4D024-2E47-4C53-86F8-BE7D8E1AAF0E}
	EndGlobalSection
EndGlobal
