
Microsoft Visual Studio Solution File, Format Version 12.00
# Visual Studio 15
VisualStudioVersion = 15.0.27703.2035
MinimumVisualStudioVersion = 10.0.40219.1
Project("{FAE04EC0-301F-11D3-BF4B-00C04F79EFBC}") = "AjaxCities", "AjaxCities\AjaxCities.csproj", "{0C4DC9C7-0CFB-44C9-B550-53256B0E4CE1}"
EndProject
Global
	GlobalSection(SolutionConfigurationPlatforms) = preSolution
		Debug|Any CPU = Debug|Any CPU
		Release|Any CPU = Release|Any CPU
	EndGlobalSection
	GlobalSection(ProjectConfigurationPlatforms) = postSolution
		{0C4DC9C7-0CFB-44C9-B550-53256B0E4CE1}.Debug|Any CPU.ActiveCfg = Debug|Any CPU
		{0C4DC9C7-0CFB-44C9-B550-53256B0E4CE1}.Debug|Any CPU.Build.0 = Debug|Any CPU
		{0C4DC9C7-0CFB-44C9-B550-53256B0E4CE1}.Release|Any CPU.ActiveCfg = Release|Any CPU
		{0C4DC9C7-0CFB-44C9-B550-53256B0E4CE1}.Release|Any CPU.Build.0 = Release|Any CPU
	EndGlobalSection
	GlobalSection(SolutionProperties) = preSolution
		HideSolutionNode = FALSE
	EndGlobalSection
	GlobalSection(ExtensibilityGlobals) = postSolution
		SolutionGuid = {F9251AC0-01E7-4245-AAC2-BD92B7122227}
	EndGlobalSection
EndGlobal
