
Microsoft Visual Studio Solution File, Format Version 12.00
# Visual Studio 14
VisualStudioVersion = 14.0.25420.1
MinimumVisualStudioVersion = 10.0.40219.1
Project("{8BC9CEB8-8B4A-11D0-8D11-00A0C91BC942}") = "Prototype", "Prototype\Prototype.vcxproj", "{E200FD9E-29B7-4745-8B5D-1977311C5C14}"
EndProject
Global
	GlobalSection(SolutionConfigurationPlatforms) = preSolution
		Debug|x64 = Debug|x64
		Debug|x86 = Debug|x86
		Release|x64 = Release|x64
		Release|x86 = Release|x86
	EndGlobalSection
	GlobalSection(ProjectConfigurationPlatforms) = postSolution
		{E200FD9E-29B7-4745-8B5D-1977311C5C14}.Debug|x64.ActiveCfg = Debug|x64
		{E200FD9E-29B7-4745-8B5D-1977311C5C14}.Debug|x64.Build.0 = Debug|x64
		{E200FD9E-29B7-4745-8B5D-1977311C5C14}.Debug|x86.ActiveCfg = Debug|Win32
		{E200FD9E-29B7-4745-8B5D-1977311C5C14}.Debug|x86.Build.0 = Debug|Win32
		{E200FD9E-29B7-4745-8B5D-1977311C5C14}.Release|x64.ActiveCfg = Release|x64
		{E200FD9E-29B7-4745-8B5D-1977311C5C14}.Release|x64.Build.0 = Release|x64
		{E200FD9E-29B7-4745-8B5D-1977311C5C14}.Release|x86.ActiveCfg = Release|Win32
		{E200FD9E-29B7-4745-8B5D-1977311C5C14}.Release|x86.Build.0 = Release|Win32
	EndGlobalSection
	GlobalSection(SolutionProperties) = preSolution
		HideSolutionNode = FALSE
	EndGlobalSection
EndGlobal
