
Microsoft Visual Studio Solution File, Format Version 12.00
# Visual Studio 15
VisualStudioVersion = 15.0.27004.2009
MinimumVisualStudioVersion = 10.0.40219.1
Project("{FAE04EC0-301F-11D3-BF4B-00C04F79EFBC}") = "Mutex1", "Mutex1\Mutex1.csproj", "{3D06F0D1-B301-450F-BCBC-58F06E94C8A7}"
EndProject
Global
	GlobalSection(SolutionConfigurationPlatforms) = preSolution
		Debug|Any CPU = Debug|Any CPU
		Release|Any CPU = Release|Any CPU
	EndGlobalSection
	GlobalSection(ProjectConfigurationPlatforms) = postSolution
		{3D06F0D1-B301-450F-BCBC-58F06E94C8A7}.Debug|Any CPU.ActiveCfg = Debug|Any CPU
		{3D06F0D1-B301-450F-BCBC-58F06E94C8A7}.Debug|Any CPU.Build.0 = Debug|Any CPU
		{3D06F0D1-B301-450F-BCBC-58F06E94C8A7}.Release|Any CPU.ActiveCfg = Release|Any CPU
		{3D06F0D1-B301-450F-BCBC-58F06E94C8A7}.Release|Any CPU.Build.0 = Release|Any CPU
	EndGlobalSection
	GlobalSection(SolutionProperties) = preSolution
		HideSolutionNode = FALSE
	EndGlobalSection
	GlobalSection(ExtensibilityGlobals) = postSolution
		SolutionGuid = {9390E81B-B4ED-4A4E-AE1F-0228B766BFE0}
	EndGlobalSection
EndGlobal
