
Microsoft Visual Studio Solution File, Format Version 12.00
# Visual Studio 15
VisualStudioVersion = 15.0.27004.2009
MinimumVisualStudioVersion = 10.0.40219.1
Project("{FAE04EC0-301F-11D3-BF4B-00C04F79EFBC}") = "ThreadSynchronization", "ThreadSynchronization\ThreadSynchronization.csproj", "{DD85CD96-FB1B-417F-95F8-F309D2A2D610}"
EndProject
Global
	GlobalSection(SolutionConfigurationPlatforms) = preSolution
		Debug|Any CPU = Debug|Any CPU
		Release|Any CPU = Release|Any CPU
	EndGlobalSection
	GlobalSection(ProjectConfigurationPlatforms) = postSolution
		{DD85CD96-FB1B-417F-95F8-F309D2A2D610}.Debug|Any CPU.ActiveCfg = Debug|Any CPU
		{DD85CD96-FB1B-417F-95F8-F309D2A2D610}.Debug|Any CPU.Build.0 = Debug|Any CPU
		{DD85CD96-FB1B-417F-95F8-F309D2A2D610}.Release|Any CPU.ActiveCfg = Release|Any CPU
		{DD85CD96-FB1B-417F-95F8-F309D2A2D610}.Release|Any CPU.Build.0 = Release|Any CPU
	EndGlobalSection
	GlobalSection(SolutionProperties) = preSolution
		HideSolutionNode = FALSE
	EndGlobalSection
	GlobalSection(ExtensibilityGlobals) = postSolution
		SolutionGuid = {D7D5DB5D-D80B-41D5-92E3-C98A72A3EC59}
	EndGlobalSection
EndGlobal
