
Microsoft Visual Studio Solution File, Format Version 12.00
# Visual Studio 15
VisualStudioVersion = 15.0.27703.2035
MinimumVisualStudioVersion = 10.0.40219.1
Project("{FAE04EC0-301F-11D3-BF4B-00C04F79EFBC}") = "Second", "Second\Second.csproj", "{A76CA8E1-6503-4CF2-A613-798F801EC634}"
EndProject
Global
	GlobalSection(SolutionConfigurationPlatforms) = preSolution
		Debug|Any CPU = Debug|Any CPU
		Release|Any CPU = Release|Any CPU
	EndGlobalSection
	GlobalSection(ProjectConfigurationPlatforms) = postSolution
		{A76CA8E1-6503-4CF2-A613-798F801EC634}.Debug|Any CPU.ActiveCfg = Debug|Any CPU
		{A76CA8E1-6503-4CF2-A613-798F801EC634}.Debug|Any CPU.Build.0 = Debug|Any CPU
		{A76CA8E1-6503-4CF2-A613-798F801EC634}.Release|Any CPU.ActiveCfg = Release|Any CPU
		{A76CA8E1-6503-4CF2-A613-798F801EC634}.Release|Any CPU.Build.0 = Release|Any CPU
	EndGlobalSection
	GlobalSection(SolutionProperties) = preSolution
		HideSolutionNode = FALSE
	EndGlobalSection
	GlobalSection(ExtensibilityGlobals) = postSolution
		SolutionGuid = {9E3E6B0D-E1A2-4652-81A2-BFDE66F3A368}
	EndGlobalSection
EndGlobal
