
Microsoft Visual Studio Solution File, Format Version 12.00
# Visual Studio 15
VisualStudioVersion = 15.0.27004.2009
MinimumVisualStudioVersion = 10.0.40219.1
Project("{FAE04EC0-301F-11D3-BF4B-00C04F79EFBC}") = "ConnectionToDB", "ConnectionToDB\ConnectionToDB.csproj", "{2AA0BFCE-A6F3-42FC-A258-AA0A03697A74}"
EndProject
Global
	GlobalSection(SolutionConfigurationPlatforms) = preSolution
		Debug|Any CPU = Debug|Any CPU
		Release|Any CPU = Release|Any CPU
	EndGlobalSection
	GlobalSection(ProjectConfigurationPlatforms) = postSolution
		{2AA0BFCE-A6F3-42FC-A258-AA0A03697A74}.Debug|Any CPU.ActiveCfg = Debug|Any CPU
		{2AA0BFCE-A6F3-42FC-A258-AA0A03697A74}.Debug|Any CPU.Build.0 = Debug|Any CPU
		{2AA0BFCE-A6F3-42FC-A258-AA0A03697A74}.Release|Any CPU.ActiveCfg = Release|Any CPU
		{2AA0BFCE-A6F3-42FC-A258-AA0A03697A74}.Release|Any CPU.Build.0 = Release|Any CPU
	EndGlobalSection
	GlobalSection(SolutionProperties) = preSolution
		HideSolutionNode = FALSE
	EndGlobalSection
	GlobalSection(ExtensibilityGlobals) = postSolution
		SolutionGuid = {F784D549-00A9-4C0E-931A-8116F930070C}
	EndGlobalSection
EndGlobal
