
Microsoft Visual Studio Solution File, Format Version 12.00
# Visual Studio 15
VisualStudioVersion = 15.0.27703.2035
MinimumVisualStudioVersion = 10.0.40219.1
Project("{FAE04EC0-301F-11D3-BF4B-00C04F79EFBC}") = "FilmsAndGenres", "FilmsAndGenres\FilmsAndGenres.csproj", "{B28C43DB-1828-48DB-8520-E85568C717F7}"
EndProject
Global
	GlobalSection(SolutionConfigurationPlatforms) = preSolution
		Debug|Any CPU = Debug|Any CPU
		Release|Any CPU = Release|Any CPU
	EndGlobalSection
	GlobalSection(ProjectConfigurationPlatforms) = postSolution
		{B28C43DB-1828-48DB-8520-E85568C717F7}.Debug|Any CPU.ActiveCfg = Debug|Any CPU
		{B28C43DB-1828-48DB-8520-E85568C717F7}.Debug|Any CPU.Build.0 = Debug|Any CPU
		{B28C43DB-1828-48DB-8520-E85568C717F7}.Release|Any CPU.ActiveCfg = Release|Any CPU
		{B28C43DB-1828-48DB-8520-E85568C717F7}.Release|Any CPU.Build.0 = Release|Any CPU
	EndGlobalSection
	GlobalSection(SolutionProperties) = preSolution
		HideSolutionNode = FALSE
	EndGlobalSection
	GlobalSection(ExtensibilityGlobals) = postSolution
		SolutionGuid = {53779847-7BCB-4AF9-A75B-B657C01E6033}
	EndGlobalSection
EndGlobal
