
Microsoft Visual Studio Solution File, Format Version 12.00
# Visual Studio 15
VisualStudioVersion = 15.0.27004.2009
MinimumVisualStudioVersion = 10.0.40219.1
Project("{FAE04EC0-301F-11D3-BF4B-00C04F79EFBC}") = "ThreadStartParameters", "ThreadStartParameters\ThreadStartParameters.csproj", "{CBD82820-E05D-4C56-BAC0-C43B68C14B3A}"
EndProject
Global
	GlobalSection(SolutionConfigurationPlatforms) = preSolution
		Debug|Any CPU = Debug|Any CPU
		Release|Any CPU = Release|Any CPU
	EndGlobalSection
	GlobalSection(ProjectConfigurationPlatforms) = postSolution
		{CBD82820-E05D-4C56-BAC0-C43B68C14B3A}.Debug|Any CPU.ActiveCfg = Debug|Any CPU
		{CBD82820-E05D-4C56-BAC0-C43B68C14B3A}.Debug|Any CPU.Build.0 = Debug|Any CPU
		{CBD82820-E05D-4C56-BAC0-C43B68C14B3A}.Release|Any CPU.ActiveCfg = Release|Any CPU
		{CBD82820-E05D-4C56-BAC0-C43B68C14B3A}.Release|Any CPU.Build.0 = Release|Any CPU
	EndGlobalSection
	GlobalSection(SolutionProperties) = preSolution
		HideSolutionNode = FALSE
	EndGlobalSection
	GlobalSection(ExtensibilityGlobals) = postSolution
		SolutionGuid = {C875BEAD-5233-4E56-80F9-96304D6F29C2}
	EndGlobalSection
EndGlobal
