
Microsoft Visual Studio Solution File, Format Version 12.00
# Visual Studio 15
VisualStudioVersion = 15.0.27004.2009
MinimumVisualStudioVersion = 10.0.40219.1
Project("{FAE04EC0-301F-11D3-BF4B-00C04F79EFBC}") = "Threads", "Threads\Threads.csproj", "{C50B494D-4AFD-405F-A18F-9DE6D4A69FEE}"
EndProject
Global
	GlobalSection(SolutionConfigurationPlatforms) = preSolution
		Debug|Any CPU = Debug|Any CPU
		Release|Any CPU = Release|Any CPU
	EndGlobalSection
	GlobalSection(ProjectConfigurationPlatforms) = postSolution
		{C50B494D-4AFD-405F-A18F-9DE6D4A69FEE}.Debug|Any CPU.ActiveCfg = Debug|Any CPU
		{C50B494D-4AFD-405F-A18F-9DE6D4A69FEE}.Debug|Any CPU.Build.0 = Debug|Any CPU
		{C50B494D-4AFD-405F-A18F-9DE6D4A69FEE}.Release|Any CPU.ActiveCfg = Release|Any CPU
		{C50B494D-4AFD-405F-A18F-9DE6D4A69FEE}.Release|Any CPU.Build.0 = Release|Any CPU
	EndGlobalSection
	GlobalSection(SolutionProperties) = preSolution
		HideSolutionNode = FALSE
	EndGlobalSection
	GlobalSection(ExtensibilityGlobals) = postSolution
		SolutionGuid = {E2E8E6C5-8D26-468A-AC57-9D40C936AB5B}
	EndGlobalSection
EndGlobal
