
Microsoft Visual Studio Solution File, Format Version 12.00
# Visual Studio 15
VisualStudioVersion = 15.0.27004.2009
MinimumVisualStudioVersion = 10.0.40219.1
Project("{FAE04EC0-301F-11D3-BF4B-00C04F79EFBC}") = "Client", "Client\Client.csproj", "{3C7B1505-DA1B-4089-A17F-723E3D7F2BC7}"
EndProject
Global
	GlobalSection(SolutionConfigurationPlatforms) = preSolution
		Debug|Any CPU = Debug|Any CPU
		Release|Any CPU = Release|Any CPU
	EndGlobalSection
	GlobalSection(ProjectConfigurationPlatforms) = postSolution
		{3C7B1505-DA1B-4089-A17F-723E3D7F2BC7}.Debug|Any CPU.ActiveCfg = Debug|Any CPU
		{3C7B1505-DA1B-4089-A17F-723E3D7F2BC7}.Debug|Any CPU.Build.0 = Debug|Any CPU
		{3C7B1505-DA1B-4089-A17F-723E3D7F2BC7}.Release|Any CPU.ActiveCfg = Release|Any CPU
		{3C7B1505-DA1B-4089-A17F-723E3D7F2BC7}.Release|Any CPU.Build.0 = Release|Any CPU
	EndGlobalSection
	GlobalSection(SolutionProperties) = preSolution
		HideSolutionNode = FALSE
	EndGlobalSection
	GlobalSection(ExtensibilityGlobals) = postSolution
		SolutionGuid = {C65F1DD7-8D13-49C2-8790-14C9A7160FA6}
	EndGlobalSection
EndGlobal
