
Microsoft Visual Studio Solution File, Format Version 12.00
# Visual Studio 15
VisualStudioVersion = 15.0.27004.2009
MinimumVisualStudioVersion = 10.0.40219.1
Project("{FAE04EC0-301F-11D3-BF4B-00C04F79EFBC}") = "CountriesCities", "CountriesCities\CountriesCities.csproj", "{FD2D890D-2D01-438F-B028-A4B73B6A54BA}"
EndProject
Global
	GlobalSection(SolutionConfigurationPlatforms) = preSolution
		Debug|Any CPU = Debug|Any CPU
		Release|Any CPU = Release|Any CPU
	EndGlobalSection
	GlobalSection(ProjectConfigurationPlatforms) = postSolution
		{FD2D890D-2D01-438F-B028-A4B73B6A54BA}.Debug|Any CPU.ActiveCfg = Debug|Any CPU
		{FD2D890D-2D01-438F-B028-A4B73B6A54BA}.Debug|Any CPU.Build.0 = Debug|Any CPU
		{FD2D890D-2D01-438F-B028-A4B73B6A54BA}.Release|Any CPU.ActiveCfg = Release|Any CPU
		{FD2D890D-2D01-438F-B028-A4B73B6A54BA}.Release|Any CPU.Build.0 = Release|Any CPU
	EndGlobalSection
	GlobalSection(SolutionProperties) = preSolution
		HideSolutionNode = FALSE
	EndGlobalSection
	GlobalSection(ExtensibilityGlobals) = postSolution
		SolutionGuid = {D076F449-DD91-4EEE-A6E1-9EAEFD3A70E4}
	EndGlobalSection
EndGlobal
