
Microsoft Visual Studio Solution File, Format Version 12.00
# Visual Studio 15
VisualStudioVersion = 15.0.27004.2009
MinimumVisualStudioVersion = 10.0.40219.1
Project("{FAE04EC0-301F-11D3-BF4B-00C04F79EFBC}") = "Receiver", "Receiver\Receiver.csproj", "{B63C4A30-4C7B-4D47-B730-C1DAAE7276A2}"
EndProject
Global
	GlobalSection(SolutionConfigurationPlatforms) = preSolution
		Debug|Any CPU = Debug|Any CPU
		Release|Any CPU = Release|Any CPU
	EndGlobalSection
	GlobalSection(ProjectConfigurationPlatforms) = postSolution
		{B63C4A30-4C7B-4D47-B730-C1DAAE7276A2}.Debug|Any CPU.ActiveCfg = Debug|Any CPU
		{B63C4A30-4C7B-4D47-B730-C1DAAE7276A2}.Debug|Any CPU.Build.0 = Debug|Any CPU
		{B63C4A30-4C7B-4D47-B730-C1DAAE7276A2}.Release|Any CPU.ActiveCfg = Release|Any CPU
		{B63C4A30-4C7B-4D47-B730-C1DAAE7276A2}.Release|Any CPU.Build.0 = Release|Any CPU
	EndGlobalSection
	GlobalSection(SolutionProperties) = preSolution
		HideSolutionNode = FALSE
	EndGlobalSection
	GlobalSection(ExtensibilityGlobals) = postSolution
		SolutionGuid = {0A7AE6EB-2D23-4DE0-AD2F-3CC2470936D5}
	EndGlobalSection
EndGlobal
