
Microsoft Visual Studio Solution File, Format Version 12.00
# Visual Studio 14
VisualStudioVersion = 14.0.25420.1
MinimumVisualStudioVersion = 10.0.40219.1
Project("{FAE04EC0-301F-11D3-BF4B-00C04F79EFBC}") = "home1309", "home1309\home1309.csproj", "{A527D3E0-7450-4274-9D59-F9B9E677F426}"
EndProject
Global
	GlobalSection(SolutionConfigurationPlatforms) = preSolution
		Debug|Any CPU = Debug|Any CPU
		Release|Any CPU = Release|Any CPU
	EndGlobalSection
	GlobalSection(ProjectConfigurationPlatforms) = postSolution
		{A527D3E0-7450-4274-9D59-F9B9E677F426}.Debug|Any CPU.ActiveCfg = Debug|Any CPU
		{A527D3E0-7450-4274-9D59-F9B9E677F426}.Debug|Any CPU.Build.0 = Debug|Any CPU
		{A527D3E0-7450-4274-9D59-F9B9E677F426}.Release|Any CPU.ActiveCfg = Release|Any CPU
		{A527D3E0-7450-4274-9D59-F9B9E677F426}.Release|Any CPU.Build.0 = Release|Any CPU
	EndGlobalSection
	GlobalSection(SolutionProperties) = preSolution
		HideSolutionNode = FALSE
	EndGlobalSection
EndGlobal
