
Microsoft Visual Studio Solution File, Format Version 12.00
# Visual Studio 15
VisualStudioVersion = 15.0.27004.2009
MinimumVisualStudioVersion = 10.0.40219.1
Project("{FAE04EC0-301F-11D3-BF4B-00C04F79EFBC}") = "EventWaitHandle___", "EventWaitHandle___\EventWaitHandle___.csproj", "{47FB6EE2-E6CD-483D-B1EA-320224712049}"
EndProject
Global
	GlobalSection(SolutionConfigurationPlatforms) = preSolution
		Debug|Any CPU = Debug|Any CPU
		Release|Any CPU = Release|Any CPU
	EndGlobalSection
	GlobalSection(ProjectConfigurationPlatforms) = postSolution
		{47FB6EE2-E6CD-483D-B1EA-320224712049}.Debug|Any CPU.ActiveCfg = Debug|Any CPU
		{47FB6EE2-E6CD-483D-B1EA-320224712049}.Debug|Any CPU.Build.0 = Debug|Any CPU
		{47FB6EE2-E6CD-483D-B1EA-320224712049}.Release|Any CPU.ActiveCfg = Release|Any CPU
		{47FB6EE2-E6CD-483D-B1EA-320224712049}.Release|Any CPU.Build.0 = Release|Any CPU
	EndGlobalSection
	GlobalSection(SolutionProperties) = preSolution
		HideSolutionNode = FALSE
	EndGlobalSection
	GlobalSection(ExtensibilityGlobals) = postSolution
		SolutionGuid = {56AF47A7-7B9E-4346-9FCE-33E0CD35009A}
	EndGlobalSection
EndGlobal
